
Microsoft Visual Studio Solution File, Format Version 12.00
# Visual Studio Version 17
VisualStudioVersion = 17.9.34714.143
MinimumVisualStudioVersion = 10.0.40219.1
Project("{FAE04EC0-301F-11D3-BF4B-00C04F79EFBC}") = "load-test-client", "load-test-client.csproj", "{62430FA9-D9F3-4759-BC6E-F470AE657637}"
EndProject
Global
	GlobalSection(SolutionConfigurationPlatforms) = preSolution
		Debug|Any CPU = Debug|Any CPU
		Release|Any CPU = Release|Any CPU
	EndGlobalSection
	GlobalSection(ProjectConfigurationPlatforms) = postSolution
		{62430FA9-D9F3-4759-BC6E-F470AE657637}.Debug|Any CPU.ActiveCfg = Debug|Any CPU
		{62430FA9-D9F3-4759-BC6E-F470AE657637}.Debug|Any CPU.Build.0 = Debug|Any CPU
		{62430FA9-D9F3-4759-BC6E-F470AE657637}.Release|Any CPU.ActiveCfg = Release|Any CPU
		{62430FA9-D9F3-4759-BC6E-F470AE657637}.Release|Any CPU.Build.0 = Release|Any CPU
	EndGlobalSection
	GlobalSection(SolutionProperties) = preSolution
		HideSolutionNode = FALSE
	EndGlobalSection
	GlobalSection(ExtensibilityGlobals) = postSolution
		SolutionGuid = {FF9FCACD-CEC5-49B0-A5C8-87C43B2F289B}
	EndGlobalSection
EndGlobal
